
Microsoft Visual Studio Solution File, Format Version 12.00
# Visual Studio Version 16
VisualStudioVersion = 16.0.31624.102
MinimumVisualStudioVersion = 10.0.40219.1
Project("{FAE04EC0-301F-11D3-BF4B-00C04F79EFBC}") = "NlogServicesDemo", "NlogServicesDemo\NlogServicesDemo.csproj", "{30B9EA83-DBE2-4867-95C0-0957A68E9E78}"
EndProject
Global
	GlobalSection(SolutionConfigurationPlatforms) = preSolution
		Debug|Any CPU = Debug|Any CPU
		Release|Any CPU = Release|Any CPU
	EndGlobalSection
	GlobalSection(ProjectConfigurationPlatforms) = postSolution
		{30B9EA83-DBE2-4867-95C0-0957A68E9E78}.Debug|Any CPU.ActiveCfg = Debug|Any CPU
		{30B9EA83-DBE2-4867-95C0-0957A68E9E78}.Debug|Any CPU.Build.0 = Debug|Any CPU
		{30B9EA83-DBE2-4867-95C0-0957A68E9E78}.Release|Any CPU.ActiveCfg = Release|Any CPU
		{30B9EA83-DBE2-4867-95C0-0957A68E9E78}.Release|Any CPU.Build.0 = Release|Any CPU
	EndGlobalSection
	GlobalSection(SolutionProperties) = preSolution
		HideSolutionNode = FALSE
	EndGlobalSection
	GlobalSection(ExtensibilityGlobals) = postSolution
		SolutionGuid = {A717C33F-5343-4A9E-9B5B-0AA6A1F66F90}
	EndGlobalSection
EndGlobal
